
Microsoft Visual Studio Solution File, Format Version 12.00
# Visual Studio Version 17
VisualStudioVersion = 17.2.32519.379
MinimumVisualStudioVersion = 10.0.40219.1
Project("{F184B08F-C81C-45F6-A57F-5ABD9991F28F}") = "Assignment1", "Assignment1\Assignment1.vbproj", "{845A8D40-3B34-4398-B935-15BBD59B21E9}"
EndProject
Global
	GlobalSection(SolutionConfigurationPlatforms) = preSolution
		Debug|Any CPU = Debug|Any CPU
		Release|Any CPU = Release|Any CPU
	EndGlobalSection
	GlobalSection(ProjectConfigurationPlatforms) = postSolution
		{845A8D40-3B34-4398-B935-15BBD59B21E9}.Debug|Any CPU.ActiveCfg = Debug|Any CPU
		{845A8D40-3B34-4398-B935-15BBD59B21E9}.Debug|Any CPU.Build.0 = Debug|Any CPU
		{845A8D40-3B34-4398-B935-15BBD59B21E9}.Release|Any CPU.ActiveCfg = Release|Any CPU
		{845A8D40-3B34-4398-B935-15BBD59B21E9}.Release|Any CPU.Build.0 = Release|Any CPU
	EndGlobalSection
	GlobalSection(SolutionProperties) = preSolution
		HideSolutionNode = FALSE
	EndGlobalSection
	GlobalSection(ExtensibilityGlobals) = postSolution
		SolutionGuid = {5FAC2CB3-D966-4A9D-A6DF-841AC338DB41}
	EndGlobalSection
EndGlobal
